
Microsoft Visual Studio Solution File, Format Version 12.00
# Visual Studio Version 16
VisualStudioVersion = 16.0.30002.166
MinimumVisualStudioVersion = 15.0.26124.0
Project("{9A19103F-16F7-4668-BE54-9A1E7A4F7556}") = "donationProjectDLL", "donationProjectDLL\donationProjectDLL.csproj", "{4676FB32-E818-401C-8104-1D0167031A03}"
EndProject
Project("{9A19103F-16F7-4668-BE54-9A1E7A4F7556}") = "donationProjectWebAPI", "donationProjectWebAPI\donationProjectWebAPI.csproj", "{8814C16F-2554-4AC9-800B-03576623F248}"
EndProject
Project("{9A19103F-16F7-4668-BE54-9A1E7A4F7556}") = "donationProjectBLL", "donationProjectBLL\donationProjectBLL.csproj", "{CE7A07A8-9DEE-4179-9D37-9473012AB6CB}"
EndProject

Global
	GlobalSection(SolutionConfigurationPlatforms) = preSolution
		Debug|Any CPU = Debug|Any CPU
		Debug|x64 = Debug|x64
		Debug|x86 = Debug|x86
		Release|Any CPU = Release|Any CPU
		Release|x64 = Release|x64
		Release|x86 = Release|x86
	EndGlobalSection
	GlobalSection(ProjectConfigurationPlatforms) = postSolution
		{4676FB32-E818-401C-8104-1D0167031A03}.Debug|Any CPU.ActiveCfg = Debug|Any CPU
		{4676FB32-E818-401C-8104-1D0167031A03}.Debug|Any CPU.Build.0 = Debug|Any CPU
		{4676FB32-E818-401C-8104-1D0167031A03}.Debug|x64.ActiveCfg = Debug|Any CPU
		{4676FB32-E818-401C-8104-1D0167031A03}.Debug|x64.Build.0 = Debug|Any CPU
		{4676FB32-E818-401C-8104-1D0167031A03}.Debug|x86.ActiveCfg = Debug|Any CPU
		{4676FB32-E818-401C-8104-1D0167031A03}.Debug|x86.Build.0 = Debug|Any CPU
		{4676FB32-E818-401C-8104-1D0167031A03}.Release|Any CPU.ActiveCfg = Release|Any CPU
		{4676FB32-E818-401C-8104-1D0167031A03}.Release|Any CPU.Build.0 = Release|Any CPU
		{4676FB32-E818-401C-8104-1D0167031A03}.Release|x64.ActiveCfg = Release|Any CPU
		{4676FB32-E818-401C-8104-1D0167031A03}.Release|x64.Build.0 = Release|Any CPU
		{4676FB32-E818-401C-8104-1D0167031A03}.Release|x86.ActiveCfg = Release|Any CPU
		{4676FB32-E818-401C-8104-1D0167031A03}.Release|x86.Build.0 = Release|Any CPU
		{8814C16F-2554-4AC9-800B-03576623F248}.Debug|Any CPU.ActiveCfg = Debug|Any CPU
		{8814C16F-2554-4AC9-800B-03576623F248}.Debug|Any CPU.Build.0 = Debug|Any CPU
		{8814C16F-2554-4AC9-800B-03576623F248}.Debug|x64.ActiveCfg = Debug|Any CPU
		{8814C16F-2554-4AC9-800B-03576623F248}.Debug|x64.Build.0 = Debug|Any CPU
		{8814C16F-2554-4AC9-800B-03576623F248}.Debug|x86.ActiveCfg = Debug|Any CPU
		{8814C16F-2554-4AC9-800B-03576623F248}.Debug|x86.Build.0 = Debug|Any CPU
		{8814C16F-2554-4AC9-800B-03576623F248}.Release|Any CPU.ActiveCfg = Release|Any CPU
		{8814C16F-2554-4AC9-800B-03576623F248}.Release|Any CPU.Build.0 = Release|Any CPU
		{8814C16F-2554-4AC9-800B-03576623F248}.Release|x64.ActiveCfg = Release|Any CPU
		{8814C16F-2554-4AC9-800B-03576623F248}.Release|x64.Build.0 = Release|Any CPU
		{8814C16F-2554-4AC9-800B-03576623F248}.Release|x86.ActiveCfg = Release|Any CPU
		{8814C16F-2554-4AC9-800B-03576623F248}.Release|x86.Build.0 = Release|Any CPU
		{CE7A07A8-9DEE-4179-9D37-9473012AB6CB}.Debug|Any CPU.ActiveCfg = Debug|Any CPU
		{CE7A07A8-9DEE-4179-9D37-9473012AB6CB}.Debug|Any CPU.Build.0 = Debug|Any CPU
		{CE7A07A8-9DEE-4179-9D37-9473012AB6CB}.Debug|x64.ActiveCfg = Debug|Any CPU
		{CE7A07A8-9DEE-4179-9D37-9473012AB6CB}.Debug|x64.Build.0 = Debug|Any CPU
		{CE7A07A8-9DEE-4179-9D37-9473012AB6CB}.Debug|x86.ActiveCfg = Debug|Any CPU
		{CE7A07A8-9DEE-4179-9D37-9473012AB6CB}.Debug|x86.Build.0 = Debug|Any CPU
		{CE7A07A8-9DEE-4179-9D37-9473012AB6CB}.Release|Any CPU.ActiveCfg = Release|Any CPU
		{CE7A07A8-9DEE-4179-9D37-9473012AB6CB}.Release|Any CPU.Build.0 = Release|Any CPU
		{CE7A07A8-9DEE-4179-9D37-9473012AB6CB}.Release|x64.ActiveCfg = Release|Any CPU
		{CE7A07A8-9DEE-4179-9D37-9473012AB6CB}.Release|x64.Build.0 = Release|Any CPU
		{CE7A07A8-9DEE-4179-9D37-9473012AB6CB}.Release|x86.ActiveCfg = Release|Any CPU
		{CE7A07A8-9DEE-4179-9D37-9473012AB6CB}.Release|x86.Build.0 = Release|Any CPU
		{6C2F62E0-4E97-4892-B477-EAAE41E878E6}.Debug|Any CPU.ActiveCfg = Debug|Any CPU
		{6C2F62E0-4E97-4892-B477-EAAE41E878E6}.Debug|Any CPU.Build.0 = Debug|Any CPU
		{6C2F62E0-4E97-4892-B477-EAAE41E878E6}.Debug|x64.ActiveCfg = Debug|Any CPU
		{6C2F62E0-4E97-4892-B477-EAAE41E878E6}.Debug|x64.Build.0 = Debug|Any CPU
		{6C2F62E0-4E97-4892-B477-EAAE41E878E6}.Debug|x86.ActiveCfg = Debug|Any CPU
		{6C2F62E0-4E97-4892-B477-EAAE41E878E6}.Debug|x86.Build.0 = Debug|Any CPU
		{6C2F62E0-4E97-4892-B477-EAAE41E878E6}.Release|Any CPU.ActiveCfg = Release|Any CPU
		{6C2F62E0-4E97-4892-B477-EAAE41E878E6}.Release|Any CPU.Build.0 = Release|Any CPU
		{6C2F62E0-4E97-4892-B477-EAAE41E878E6}.Release|x64.ActiveCfg = Release|Any CPU
		{6C2F62E0-4E97-4892-B477-EAAE41E878E6}.Release|x64.Build.0 = Release|Any CPU
		{6C2F62E0-4E97-4892-B477-EAAE41E878E6}.Release|x86.ActiveCfg = Release|Any CPU
		{6C2F62E0-4E97-4892-B477-EAAE41E878E6}.Release|x86.Build.0 = Release|Any CPU
		{99E7E1C7-2263-43F9-80DB-A4A0D69218A5}.Debug|Any CPU.ActiveCfg = Debug|Any CPU
		{99E7E1C7-2263-43F9-80DB-A4A0D69218A5}.Debug|Any CPU.Build.0 = Debug|Any CPU
		{99E7E1C7-2263-43F9-80DB-A4A0D69218A5}.Debug|x64.ActiveCfg = Debug|Any CPU
		{99E7E1C7-2263-43F9-80DB-A4A0D69218A5}.Debug|x64.Build.0 = Debug|Any CPU
		{99E7E1C7-2263-43F9-80DB-A4A0D69218A5}.Debug|x86.ActiveCfg = Debug|Any CPU
		{99E7E1C7-2263-43F9-80DB-A4A0D69218A5}.Debug|x86.Build.0 = Debug|Any CPU
		{99E7E1C7-2263-43F9-80DB-A4A0D69218A5}.Release|Any CPU.ActiveCfg = Release|Any CPU
		{99E7E1C7-2263-43F9-80DB-A4A0D69218A5}.Release|Any CPU.Build.0 = Release|Any CPU
		{99E7E1C7-2263-43F9-80DB-A4A0D69218A5}.Release|x64.ActiveCfg = Release|Any CPU
		{99E7E1C7-2263-43F9-80DB-A4A0D69218A5}.Release|x64.Build.0 = Release|Any CPU
		{99E7E1C7-2263-43F9-80DB-A4A0D69218A5}.Release|x86.ActiveCfg = Release|Any CPU
		{99E7E1C7-2263-43F9-80DB-A4A0D69218A5}.Release|x86.Build.0 = Release|Any CPU
	EndGlobalSection
	GlobalSection(SolutionProperties) = preSolution
		HideSolutionNode = FALSE
	EndGlobalSection
	GlobalSection(ExtensibilityGlobals) = postSolution
		SolutionGuid = {9462AC59-0F49-4BF0-985D-2A01F84B6139}
	EndGlobalSection
EndGlobal
